# THIS IS AN AUTOGENERATED FILE. DO NOT EDIT THIS FILE DIRECTLY.
# yarn lockfile v1


uuid@^14.0.0:
  version "14.0.0"
  resolved "https://registry.yarnpkg.com/uuid/-/uuid-14.0.0.tgz#0af883220163d264ffe0c084f6b8a89b9666966d"
  integrity sha512-Qo+uWgilfSmAhXCMav1uYFynlQO7fMFiMVZsQqZRMIXp0O7rR7qjkj+cPvBHLgBqi960QCoo/PH2/6ZtVqKvrg==
